
Microsoft Visual Studio Solution File, Format Version 12.00
# Visual Studio Version 17
VisualStudioVersion = 17.0.31903.59
MinimumVisualStudioVersion = 10.0.40219.1
Project("{54A90642-561A-4BB1-A94E-469ADEE60C69}") = "UserRegistration.AngularApp", "UserRegistration.AngularApp\UserRegistration.AngularApp.esproj", "{8BADB0CD-1F88-4853-8905-E6CB80DDCCFF}"
EndProject
Project("{9A19103F-16F7-4668-BE54-9A1E7A4F7556}") = "UserRegistration.WebApi", "UserRegistration.WebApi\UserRegistration.WebApi.csproj", "{C25CBC16-2EFC-413A-8717-E3BFA956F675}"
EndProject
Global
	GlobalSection(SolutionConfigurationPlatforms) = preSolution
		Debug|Any CPU = Debug|Any CPU
		Release|Any CPU = Release|Any CPU
	EndGlobalSection
	GlobalSection(ProjectConfigurationPlatforms) = postSolution
		{8BADB0CD-1F88-4853-8905-E6CB80DDCCFF}.Debug|Any CPU.ActiveCfg = Debug|Any CPU
		{8BADB0CD-1F88-4853-8905-E6CB80DDCCFF}.Debug|Any CPU.Build.0 = Debug|Any CPU
		{8BADB0CD-1F88-4853-8905-E6CB80DDCCFF}.Debug|Any CPU.Deploy.0 = Debug|Any CPU
		{8BADB0CD-1F88-4853-8905-E6CB80DDCCFF}.Release|Any CPU.ActiveCfg = Release|Any CPU
		{8BADB0CD-1F88-4853-8905-E6CB80DDCCFF}.Release|Any CPU.Build.0 = Release|Any CPU
		{8BADB0CD-1F88-4853-8905-E6CB80DDCCFF}.Release|Any CPU.Deploy.0 = Release|Any CPU
		{C25CBC16-2EFC-413A-8717-E3BFA956F675}.Debug|Any CPU.ActiveCfg = Debug|Any CPU
		{C25CBC16-2EFC-413A-8717-E3BFA956F675}.Debug|Any CPU.Build.0 = Debug|Any CPU
		{C25CBC16-2EFC-413A-8717-E3BFA956F675}.Release|Any CPU.ActiveCfg = Release|Any CPU
		{C25CBC16-2EFC-413A-8717-E3BFA956F675}.Release|Any CPU.Build.0 = Release|Any CPU
	EndGlobalSection
	GlobalSection(SolutionProperties) = preSolution
		HideSolutionNode = FALSE
	EndGlobalSection
EndGlobal
